<?xml version="1.0" encoding="utf-8"?>
<Project ToolsVersion="4.0" xmlns="http://schemas.microsoft.com/developer/msbuild/2003">
  <ItemGroup>
    <ClCompile Include="..\src\libopensc\apdu.c">
      <Filter>Sources Files</Filter>
    </ClCompile>
    <ClCompile Include="..\src\libopensc\asn1.c">
      <Filter>Sources Files</Filter>
    </ClCompile>
    <ClCompile Include="..\src\libopensc\card.c">
      <Filter>Sources Files</Filter>
    </ClCompile>
    <ClCompile Include="..\src\libopensc\card-cps3.c">
      <Filter>Sources Files</Filter>
    </ClCompile>
    <ClCompile Include="..\src\common\compat_strlcpy.c">
      <Filter>Sources Files</Filter>
    </ClCompile>
    <ClCompile Include="..\src\libopensc\ctx.c">
      <Filter>Sources Files</Filter>
    </ClCompile>
    <ClCompile Include="..\src\pkcs11\debug.c">
      <Filter>Sources Files</Filter>
    </ClCompile>
    <ClCompile Include="..\src\libopensc\dir.c">
      <Filter>Sources Files</Filter>
    </ClCompile>
    <ClCompile Include="..\src\libopensc\encdec.c">
      <Filter>Sources Files</Filter>
    </ClCompile>
    <ClCompile Include="..\src\libopensc\errors.c">
      <Filter>Sources Files</Filter>
    </ClCompile>
    <ClCompile Include="..\src\pkcs11\framework-pkcs15.c">
      <Filter>Sources Files</Filter>
    </ClCompile>
    <ClCompile Include="..\src\libopensc\iso7816.c">
      <Filter>Sources Files</Filter>
    </ClCompile>
    <ClCompile Include="..\src\libopensc\log.c">
      <Filter>Sources Files</Filter>
    </ClCompile>
    <ClCompile Include="..\src\pkcs11\mechanism.c">
      <Filter>Sources Files</Filter>
    </ClCompile>
    <ClCompile Include="..\src\pkcs11\misc.c">
      <Filter>Sources Files</Filter>
    </ClCompile>
    <ClCompile Include="..\src\pkcs11\openssl.c">
      <Filter>Sources Files</Filter>
    </ClCompile>
    <ClCompile Include="..\src\libopensc\padding.c">
      <Filter>Sources Files</Filter>
    </ClCompile>
    <ClCompile Include="..\src\scconf\parse.c">
      <Filter>Sources Files</Filter>
    </ClCompile>
    <ClCompile Include="..\src\pkcs11\pkcs11-display.c">
      <Filter>Sources Files</Filter>
    </ClCompile>
    <ClCompile Include="..\src\pkcs11\pkcs11-global.c">
      <Filter>Sources Files</Filter>
    </ClCompile>
    <ClCompile Include="..\src\pkcs11\pkcs11-object.c">
      <Filter>Sources Files</Filter>
    </ClCompile>
    <ClCompile Include="..\src\pkcs11\pkcs11-session.c">
      <Filter>Sources Files</Filter>
    </ClCompile>
    <ClCompile Include="..\src\pkcs11\pkcs11-spy.c">
      <Filter>Sources Files</Filter>
    </ClCompile>
    <ClCompile Include="..\src\libopensc\pkcs15.c">
      <Filter>Sources Files</Filter>
    </ClCompile>
    <ClCompile Include="..\src\libopensc\pkcs15-algo.c">
      <Filter>Sources Files</Filter>
    </ClCompile>
    <ClCompile Include="..\src\libopensc\pkcs15-cache.c">
      <Filter>Sources Files</Filter>
    </ClCompile>
    <ClCompile Include="..\src\libopensc\pkcs15-cert.c">
      <Filter>Sources Files</Filter>
    </ClCompile>
    <ClCompile Include="..\src\libopensc\pkcs15-data.c">
      <Filter>Sources Files</Filter>
    </ClCompile>
    <ClCompile Include="..\src\libopensc\pkcs15-pin.c">
      <Filter>Sources Files</Filter>
    </ClCompile>
    <ClCompile Include="..\src\libopensc\pkcs15-prkey.c">
      <Filter>Sources Files</Filter>
    </ClCompile>
    <ClCompile Include="..\src\libopensc\pkcs15-pubkey.c">
      <Filter>Sources Files</Filter>
    </ClCompile>
    <ClCompile Include="..\src\libopensc\pkcs15-sec.c">
      <Filter>Sources Files</Filter>
    </ClCompile>
    <ClCompile Include="..\src\libopensc\pkcs15-syn.c">
      <Filter>Sources Files</Filter>
    </ClCompile>
    <ClCompile Include="..\src\libopensc\reader-galss.c">
      <Filter>Sources Files</Filter>
    </ClCompile>
    <ClCompile Include="..\src\libopensc\reader-pcsc.c">
      <Filter>Sources Files</Filter>
    </ClCompile>
    <ClCompile Include="..\src\libopensc\sc.c">
      <Filter>Sources Files</Filter>
    </ClCompile>
    <ClCompile Include="..\src\scconf\scconf.c">
      <Filter>Sources Files</Filter>
    </ClCompile>
    <ClCompile Include="..\src\scconf\sclex.c">
      <Filter>Sources Files</Filter>
    </ClCompile>
    <ClCompile Include="..\src\libopensc\sec.c">
      <Filter>Sources Files</Filter>
    </ClCompile>
    <ClCompile Include="..\src\pkcs11\secretkey.c">
      <Filter>Sources Files</Filter>
    </ClCompile>
    <ClCompile Include="..\src\pkcs11\slot.c">
      <Filter>Sources Files</Filter>
    </ClCompile>
    <ClCompile Include="..\..\..\common\sys_config.c">
      <Filter>Sources Files</Filter>
    </ClCompile>
    <ClCompile Include=".\src\system.c">
      <Filter>Sources Files</Filter>
    </ClCompile>
    <ClCompile Include="src\tls_chainlist.c">
      <Filter>Sources Files</Filter>
    </ClCompile>
    <ClCompile Include="..\src\libopensc\card-cps4.c">
      <Filter>Sources Files</Filter>
    </ClCompile>
    <ClCompile Include="..\src\libopensc\card-cps.c">
      <Filter>Sources Files</Filter>
    </ClCompile>
  </ItemGroup>
  <ItemGroup>
    <ClInclude Include="..\src\libopensc\asn1.h">
      <Filter>Header Files</Filter>
    </ClInclude>
    <ClInclude Include="..\src\libopensc\cards.h">
      <Filter>Header Files</Filter>
    </ClInclude>
    <ClInclude Include="..\src\common\compat_strlcpy.h">
      <Filter>Header Files</Filter>
    </ClInclude>
    <ClInclude Include="..\src\libopensc\encdec.h">
      <Filter>Header Files</Filter>
    </ClInclude>
    <ClInclude Include="..\src\libopensc\errors.h">
      <Filter>Header Files</Filter>
    </ClInclude>
    <ClInclude Include="..\src\libopensc\gal_err.h">
      <Filter>Header Files</Filter>
    </ClInclude>
    <ClInclude Include="..\src\libopensc\internal.h">
      <Filter>Header Files</Filter>
    </ClInclude>
    <ClInclude Include="..\src\libopensc\internal-galssv3.h">
      <Filter>Header Files</Filter>
    </ClInclude>
    <ClInclude Include="..\src\libopensc\internal-winscard.h">
      <Filter>Header Files</Filter>
    </ClInclude>
    <ClInclude Include="..\src\libopensc\log.h">
      <Filter>Header Files</Filter>
    </ClInclude>
    <ClInclude Include="..\src\libopensc\opensc.h">
      <Filter>Header Files</Filter>
    </ClInclude>
    <ClInclude Include="..\src\libopensc\opensc_conf.h">
      <Filter>Header Files</Filter>
    </ClInclude>
    <ClInclude Include="..\src\pkcs11\pkcs11.h">
      <Filter>Header Files</Filter>
    </ClInclude>
    <ClInclude Include="..\src\pkcs11\pkcs11-display.h">
      <Filter>Header Files</Filter>
    </ClInclude>
    <ClInclude Include="..\src\pkcs11\pkcs11-opensc.h">
      <Filter>Header Files</Filter>
    </ClInclude>
    <ClInclude Include="..\src\libopensc\pkcs15.h">
      <Filter>Header Files</Filter>
    </ClInclude>
    <ClInclude Include="..\src\scconf\scconf.h">
      <Filter>Header Files</Filter>
    </ClInclude>
    <ClInclude Include="..\src\scconf\scconf_internal.h">
      <Filter>Header Files</Filter>
    </ClInclude>
    <ClInclude Include="..\src\pkcs11\sc-pkcs11.h">
      <Filter>Header Files</Filter>
    </ClInclude>
    <ClInclude Include="..\..\..\common\sys_config.h">
      <Filter>Header Files</Filter>
    </ClInclude>
    <ClInclude Include="..\src\libopensc\types.h">
      <Filter>Header Files</Filter>
    </ClInclude>
    <ClInclude Include="..\src\libopensc\card-cps.h">
      <Filter>Header Files</Filter>
    </ClInclude>
    <ClInclude Include="src\cps3pkcs11ver.h">
      <Filter>Header Files</Filter>
    </ClInclude>
  </ItemGroup>
  <ItemGroup>
    <ResourceCompile Include=".\version.rc" />
  </ItemGroup>
  <ItemGroup>
    <Filter Include="Sources Files">
      <UniqueIdentifier>{95c80acf-3ca2-4116-b9e8-005bc8ad5cf1}</UniqueIdentifier>
      <Extensions>*.c;*.cpp</Extensions>
    </Filter>
    <Filter Include="Header Files">
      <UniqueIdentifier>{60ada064-1f17-4909-ba8b-aa3107ca4fc0}</UniqueIdentifier>
      <Extensions>*.h;*.hpp</Extensions>
    </Filter>
  </ItemGroup>
</Project>